
Microsoft Visual Studio Solution File, Format Version 12.00
# Visual Studio 14
VisualStudioVersion = 14.0.25420.1
MinimumVisualStudioVersion = 10.0.40219.1
Project("{FAE04EC0-301F-11D3-BF4B-00C04F79EFBC}") = "ThirdPartySimulator2.0", "ThirdPartySimulator2.0\ThirdPartySimulator2.0.csproj", "{EFE0565E-826A-4013-9D53-810F8E5FE300}"
EndProject
Project("{FAE04EC0-301F-11D3-BF4B-00C04F79EFBC}") = "3party", "3party\3party.csproj", "{92092B11-A217-4CC1-AD0F-02D1BBDCEEE2}"
EndProject
Global
	GlobalSection(SolutionConfigurationPlatforms) = preSolution
		Debug|Any CPU = Debug|Any CPU
		Release|Any CPU = Release|Any CPU
	EndGlobalSection
	GlobalSection(ProjectConfigurationPlatforms) = postSolution
		{EFE0565E-826A-4013-9D53-810F8E5FE300}.Debug|Any CPU.ActiveCfg = Debug|Any CPU
		{EFE0565E-826A-4013-9D53-810F8E5FE300}.Debug|Any CPU.Build.0 = Debug|Any CPU
		{EFE0565E-826A-4013-9D53-810F8E5FE300}.Release|Any CPU.ActiveCfg = Release|Any CPU
		{EFE0565E-826A-4013-9D53-810F8E5FE300}.Release|Any CPU.Build.0 = Release|Any CPU
		{92092B11-A217-4CC1-AD0F-02D1BBDCEEE2}.Debug|Any CPU.ActiveCfg = Debug|Any CPU
		{92092B11-A217-4CC1-AD0F-02D1BBDCEEE2}.Debug|Any CPU.Build.0 = Debug|Any CPU
		{92092B11-A217-4CC1-AD0F-02D1BBDCEEE2}.Release|Any CPU.ActiveCfg = Release|Any CPU
		{92092B11-A217-4CC1-AD0F-02D1BBDCEEE2}.Release|Any CPU.Build.0 = Release|Any CPU
	EndGlobalSection
	GlobalSection(SolutionProperties) = preSolution
		HideSolutionNode = FALSE
	EndGlobalSection
EndGlobal
